
Microsoft Visual Studio Solution File, Format Version 12.00
# Visual Studio Version 17
VisualStudioVersion = 17.5.33502.453
MinimumVisualStudioVersion = 10.0.40219.1
Project("{FAE04EC0-301F-11D3-BF4B-00C04F79EFBC}") = "Crawler", "Crawler.csproj", "{C18A545E-BF14-4602-A74C-84D60164A20D}"
EndProject
Global
	GlobalSection(SolutionConfigurationPlatforms) = preSolution
		Debug|Any CPU = Debug|Any CPU
		Release|Any CPU = Release|Any CPU
	EndGlobalSection
	GlobalSection(ProjectConfigurationPlatforms) = postSolution
		{C18A545E-BF14-4602-A74C-84D60164A20D}.Debug|Any CPU.ActiveCfg = Debug|Any CPU
		{C18A545E-BF14-4602-A74C-84D60164A20D}.Debug|Any CPU.Build.0 = Debug|Any CPU
		{C18A545E-BF14-4602-A74C-84D60164A20D}.Release|Any CPU.ActiveCfg = Release|Any CPU
		{C18A545E-BF14-4602-A74C-84D60164A20D}.Release|Any CPU.Build.0 = Release|Any CPU
	EndGlobalSection
	GlobalSection(SolutionProperties) = preSolution
		HideSolutionNode = FALSE
	EndGlobalSection
	GlobalSection(ExtensibilityGlobals) = postSolution
		SolutionGuid = {B465BF26-06A8-43CE-99A3-FA9DD6EFB6A9}
	EndGlobalSection
EndGlobal
